
Microsoft Visual Studio Solution File, Format Version 12.00
Project("{FAE04EC0-301F-11D3-BF4B-00C04F79EFBC}") = "RollTheDice", "RollTheDice\RollTheDice.csproj", "{EBD417C7-C039-41DB-A683-3FCF475AC5A7}"
EndProject
Global
	GlobalSection(SolutionConfigurationPlatforms) = preSolution
		Debug|Any CPU = Debug|Any CPU
		Release|Any CPU = Release|Any CPU
	EndGlobalSection
	GlobalSection(ProjectConfigurationPlatforms) = postSolution
		{EBD417C7-C039-41DB-A683-3FCF475AC5A7}.Debug|Any CPU.ActiveCfg = Debug|Any CPU
		{EBD417C7-C039-41DB-A683-3FCF475AC5A7}.Debug|Any CPU.Build.0 = Debug|Any CPU
		{EBD417C7-C039-41DB-A683-3FCF475AC5A7}.Release|Any CPU.ActiveCfg = Release|Any CPU
		{EBD417C7-C039-41DB-A683-3FCF475AC5A7}.Release|Any CPU.Build.0 = Release|Any CPU
	EndGlobalSection
EndGlobal
